
Microsoft Visual Studio Solution File, Format Version 12.00
# Visual Studio Version 17
VisualStudioVersion = 17.6.33723.286
MinimumVisualStudioVersion = 10.0.40219.1
Project("{9A19103F-16F7-4668-BE54-9A1E7A4F7556}") = "Parking_Garage_Application", "Parking_Garage_Application.csproj", "{C3CC1F7C-678A-468C-9546-2E7ECCA9A4A2}"
EndProject
Project("{9A19103F-16F7-4668-BE54-9A1E7A4F7556}") = "DataAccess", "..\DataAccess\DataAccess.csproj", "{D3796C7C-7044-4E47-8AE3-0A9E1C50C929}"
EndProject
Project("{9A19103F-16F7-4668-BE54-9A1E7A4F7556}") = "DataModels", "..\DataModels\DataModels.csproj", "{4FD14D69-785E-4871-9B53-DAF41EBDD7A4}"
EndProject
Project("{9A19103F-16F7-4668-BE54-9A1E7A4F7556}") = "Service", "..\Service\Service.csproj", "{FC2CA621-3F75-467B-AC91-48704E0400F1}"
EndProject
Project("{FAE04EC0-301F-11D3-BF4B-00C04F79EFBC}") = "Services.Tests", "..\Services.Tests\Services.Tests.csproj", "{7861A0FD-EF8C-489C-B7F7-DC345F4A5FA6}"
EndProject
Global
	GlobalSection(SolutionConfigurationPlatforms) = preSolution
		Debug|Any CPU = Debug|Any CPU
		Release|Any CPU = Release|Any CPU
	EndGlobalSection
	GlobalSection(ProjectConfigurationPlatforms) = postSolution
		{C3CC1F7C-678A-468C-9546-2E7ECCA9A4A2}.Debug|Any CPU.ActiveCfg = Debug|Any CPU
		{C3CC1F7C-678A-468C-9546-2E7ECCA9A4A2}.Debug|Any CPU.Build.0 = Debug|Any CPU
		{C3CC1F7C-678A-468C-9546-2E7ECCA9A4A2}.Release|Any CPU.ActiveCfg = Release|Any CPU
		{C3CC1F7C-678A-468C-9546-2E7ECCA9A4A2}.Release|Any CPU.Build.0 = Release|Any CPU
		{D3796C7C-7044-4E47-8AE3-0A9E1C50C929}.Debug|Any CPU.ActiveCfg = Debug|Any CPU
		{D3796C7C-7044-4E47-8AE3-0A9E1C50C929}.Debug|Any CPU.Build.0 = Debug|Any CPU
		{D3796C7C-7044-4E47-8AE3-0A9E1C50C929}.Release|Any CPU.ActiveCfg = Release|Any CPU
		{D3796C7C-7044-4E47-8AE3-0A9E1C50C929}.Release|Any CPU.Build.0 = Release|Any CPU
		{4FD14D69-785E-4871-9B53-DAF41EBDD7A4}.Debug|Any CPU.ActiveCfg = Debug|Any CPU
		{4FD14D69-785E-4871-9B53-DAF41EBDD7A4}.Debug|Any CPU.Build.0 = Debug|Any CPU
		{4FD14D69-785E-4871-9B53-DAF41EBDD7A4}.Release|Any CPU.ActiveCfg = Release|Any CPU
		{4FD14D69-785E-4871-9B53-DAF41EBDD7A4}.Release|Any CPU.Build.0 = Release|Any CPU
		{FC2CA621-3F75-467B-AC91-48704E0400F1}.Debug|Any CPU.ActiveCfg = Debug|Any CPU
		{FC2CA621-3F75-467B-AC91-48704E0400F1}.Debug|Any CPU.Build.0 = Debug|Any CPU
		{FC2CA621-3F75-467B-AC91-48704E0400F1}.Release|Any CPU.ActiveCfg = Release|Any CPU
		{FC2CA621-3F75-467B-AC91-48704E0400F1}.Release|Any CPU.Build.0 = Release|Any CPU
		{7861A0FD-EF8C-489C-B7F7-DC345F4A5FA6}.Debug|Any CPU.ActiveCfg = Debug|Any CPU
		{7861A0FD-EF8C-489C-B7F7-DC345F4A5FA6}.Debug|Any CPU.Build.0 = Debug|Any CPU
		{7861A0FD-EF8C-489C-B7F7-DC345F4A5FA6}.Release|Any CPU.ActiveCfg = Release|Any CPU
		{7861A0FD-EF8C-489C-B7F7-DC345F4A5FA6}.Release|Any CPU.Build.0 = Release|Any CPU
	EndGlobalSection
	GlobalSection(SolutionProperties) = preSolution
		HideSolutionNode = FALSE
	EndGlobalSection
	GlobalSection(ExtensibilityGlobals) = postSolution
		SolutionGuid = {654A2D5F-F919-4E8D-9AF7-F1BD0CC60F12}
	EndGlobalSection
EndGlobal
